# THIS IS AN AUTOGENERATED FILE. DO NOT EDIT THIS FILE DIRECTLY.
# yarn lockfile v1


create-react-native-app@^3.3.0:
  version "3.3.0"
  resolved "https://registry.yarnpkg.com/create-react-native-app/-/create-react-native-app-3.3.0.tgz#617530e4c04c8f857379662a634874662b1b79be"
  integrity sha512-aWWcbSXgc9iHidGIHoImxBGeRn/qlJgeZEzrEKIs3DB1bS5NINFDrutO2F+KSM0tFMFbA5+z+MZFCo9JDxb2FQ==
